
Microsoft Visual Studio Solution File, Format Version 12.00
# Visual Studio 15
VisualStudioVersion = 15.0.26430.15
MinimumVisualStudioVersion = 10.0.40219.1
Project("{FAE04EC0-301F-11D3-BF4B-00C04F79EFBC}") = "ImageNormalizer", "ImageNormalizer\ImageNormalizer.csproj", "{5A399AAD-0207-4128-8091-C2BF2DDF950D}"
EndProject
Project("{FAE04EC0-301F-11D3-BF4B-00C04F79EFBC}") = "ImageNormalizerTests", "ImageNormalizerTests\ImageNormalizerTests.csproj", "{7AB10620-B833-418E-9207-AFD1E94016C8}"
EndProject
Project("{FAE04EC0-301F-11D3-BF4B-00C04F79EFBC}") = "ImageEditor", "ImageEditor\ImageEditor.csproj", "{7305DAB9-0843-49E8-A50A-40CFD5C576B0}"
EndProject
Global
	GlobalSection(SolutionConfigurationPlatforms) = preSolution
		Debug|Any CPU = Debug|Any CPU
		Release|Any CPU = Release|Any CPU
	EndGlobalSection
	GlobalSection(ProjectConfigurationPlatforms) = postSolution
		{5A399AAD-0207-4128-8091-C2BF2DDF950D}.Debug|Any CPU.ActiveCfg = Debug|Any CPU
		{5A399AAD-0207-4128-8091-C2BF2DDF950D}.Debug|Any CPU.Build.0 = Debug|Any CPU
		{5A399AAD-0207-4128-8091-C2BF2DDF950D}.Release|Any CPU.ActiveCfg = Release|Any CPU
		{5A399AAD-0207-4128-8091-C2BF2DDF950D}.Release|Any CPU.Build.0 = Release|Any CPU
		{7AB10620-B833-418E-9207-AFD1E94016C8}.Debug|Any CPU.ActiveCfg = Debug|Any CPU
		{7AB10620-B833-418E-9207-AFD1E94016C8}.Debug|Any CPU.Build.0 = Debug|Any CPU
		{7AB10620-B833-418E-9207-AFD1E94016C8}.Release|Any CPU.ActiveCfg = Release|Any CPU
		{7AB10620-B833-418E-9207-AFD1E94016C8}.Release|Any CPU.Build.0 = Release|Any CPU
		{7305DAB9-0843-49E8-A50A-40CFD5C576B0}.Debug|Any CPU.ActiveCfg = Debug|Any CPU
		{7305DAB9-0843-49E8-A50A-40CFD5C576B0}.Debug|Any CPU.Build.0 = Debug|Any CPU
		{7305DAB9-0843-49E8-A50A-40CFD5C576B0}.Release|Any CPU.ActiveCfg = Release|Any CPU
		{7305DAB9-0843-49E8-A50A-40CFD5C576B0}.Release|Any CPU.Build.0 = Release|Any CPU
	EndGlobalSection
	GlobalSection(SolutionProperties) = preSolution
		HideSolutionNode = FALSE
	EndGlobalSection
EndGlobal
